
Microsoft Visual Studio Solution File, Format Version 12.00
# Visual Studio 2015
Project("{FAE04EC0-301F-11D3-BF4B-00C04F79EFBC}") = "ShSoul.CSharp.Plugins", "ShSoul.CSharp.Plugins.csproj", "{A0EA450C-55A8-DEDF-DD8B-CC4106DDC4F6}"
EndProject
Project("{FAE04EC0-301F-11D3-BF4B-00C04F79EFBC}") = "ShSoul.CSharp", "ShSoul.CSharp.csproj", "{A5A589F4-77DE-3F76-4DC1-3B21D50E85E2}"
EndProject
Global
	GlobalSection(SolutionConfigurationPlatforms) = preSolution
		Debug|Any CPU = Debug|Any CPU
		Release|Any CPU = Release|Any CPU
	EndGlobalSection
	GlobalSection(ProjectConfigurationPlatforms) = postSolution
		{A0EA450C-55A8-DEDF-DD8B-CC4106DDC4F6}.Debug|Any CPU.ActiveCfg = Debug|Any CPU
		{A0EA450C-55A8-DEDF-DD8B-CC4106DDC4F6}.Debug|Any CPU.Build.0 = Debug|Any CPU
		{A0EA450C-55A8-DEDF-DD8B-CC4106DDC4F6}.Release|Any CPU.ActiveCfg = Release|Any CPU
		{A0EA450C-55A8-DEDF-DD8B-CC4106DDC4F6}.Release|Any CPU.Build.0 = Release|Any CPU
		{A5A589F4-77DE-3F76-4DC1-3B21D50E85E2}.Debug|Any CPU.ActiveCfg = Debug|Any CPU
		{A5A589F4-77DE-3F76-4DC1-3B21D50E85E2}.Debug|Any CPU.Build.0 = Debug|Any CPU
		{A5A589F4-77DE-3F76-4DC1-3B21D50E85E2}.Release|Any CPU.ActiveCfg = Release|Any CPU
		{A5A589F4-77DE-3F76-4DC1-3B21D50E85E2}.Release|Any CPU.Build.0 = Release|Any CPU
	EndGlobalSection
	GlobalSection(SolutionProperties) = preSolution
		HideSolutionNode = FALSE
	EndGlobalSection
EndGlobal
