Microsoft Visual Studio Solution File, Format Version 11.00
# Visual Studio 2008

Project("{BA559BDE-6E87-077A-5D47-4D5E12254E41}") = "ShSoul", "Assembly-CSharp-firstpass.csproj", "{EE6B9F20-83F5-7695-09B3-B8F9B8A8B892}"
EndProject
Project("{BA559BDE-6E87-077A-5D47-4D5E12254E41}") = "ShSoul", "Assembly-CSharp.csproj", "{11A64DC2-2BA1-153B-C6B2-BB73A393D0A3}"
EndProject
Project("{BA559BDE-6E87-077A-5D47-4D5E12254E41}") = "ShSoul", "Assembly-UnityScript-firstpass.unityproj", "{E682FE4A-18BA-283B-B28B-682C80508413}"
EndProject
Global
	GlobalSection(SolutionConfigurationPlatforms) = preSolution
		Debug|Any CPU = Debug|Any CPU
		Release|Any CPU = Release|Any CPU
	EndGlobalSection
	GlobalSection(ProjectConfigurationPlatforms) = postSolution
		{EE6B9F20-83F5-7695-09B3-B8F9B8A8B892}.Debug|Any CPU.ActiveCfg = Debug|Any CPU
		{EE6B9F20-83F5-7695-09B3-B8F9B8A8B892}.Debug|Any CPU.Build.0 = Debug|Any CPU
		{EE6B9F20-83F5-7695-09B3-B8F9B8A8B892}.Release|Any CPU.ActiveCfg = Release|Any CPU
		{EE6B9F20-83F5-7695-09B3-B8F9B8A8B892}.Release|Any CPU.Build.0 = Release|Any CPU
		{11A64DC2-2BA1-153B-C6B2-BB73A393D0A3}.Debug|Any CPU.ActiveCfg = Debug|Any CPU
		{11A64DC2-2BA1-153B-C6B2-BB73A393D0A3}.Debug|Any CPU.Build.0 = Debug|Any CPU
		{11A64DC2-2BA1-153B-C6B2-BB73A393D0A3}.Release|Any CPU.ActiveCfg = Release|Any CPU
		{11A64DC2-2BA1-153B-C6B2-BB73A393D0A3}.Release|Any CPU.Build.0 = Release|Any CPU
		{E682FE4A-18BA-283B-B28B-682C80508413}.Debug|Any CPU.ActiveCfg = Debug|Any CPU
		{E682FE4A-18BA-283B-B28B-682C80508413}.Debug|Any CPU.Build.0 = Debug|Any CPU
		{E682FE4A-18BA-283B-B28B-682C80508413}.Release|Any CPU.ActiveCfg = Release|Any CPU
		{E682FE4A-18BA-283B-B28B-682C80508413}.Release|Any CPU.Build.0 = Release|Any CPU
	EndGlobalSection
	GlobalSection(SolutionProperties) = preSolution
		HideSolutionNode = FALSE
	EndGlobalSection
																																																																																																																																																																																																																																																																																																																																																																																																																																																																																																																																																																																																																																																																																																																																																																																																																																																																																																																																																																																																																																																																																																																																																																																																		GlobalSection(MonoDevelopProperties) = preSolution
		StartupItem = Assembly-CSharp.csproj
		Policies = $0
		$0.TextStylePolicy = $1
		$1.inheritsSet = null
		$1.scope = text/x-csharp
		$0.CSharpFormattingPolicy = $2
		$2.inheritsSet = Mono
		$2.inheritsScope = text/x-csharp
		$2.scope = text/x-csharp
		$0.TextStylePolicy = $3
		$3.FileWidth = 120
		$3.TabWidth = 4
		$3.EolMarker = Unix
		$3.inheritsSet = Mono
		$3.inheritsScope = text/plain
		$3.scope = text/plain
	EndGlobalSection

EndGlobal
